
Microsoft Visual Studio Solution File, Format Version 12.00
# Visual Studio Version 16
VisualStudioVersion = 16.0.31005.135
MinimumVisualStudioVersion = 10.0.40219.1
Project("{FAE04EC0-301F-11D3-BF4B-00C04F79EFBC}") = "School MS", "School MS\School MS.csproj", "{06A421DB-4681-4097-9C3C-8648E6979A47}"
EndProject
Global
	GlobalSection(SolutionConfigurationPlatforms) = preSolution
		Debug|Any CPU = Debug|Any CPU
		Release|Any CPU = Release|Any CPU
	EndGlobalSection
	GlobalSection(ProjectConfigurationPlatforms) = postSolution
		{06A421DB-4681-4097-9C3C-8648E6979A47}.Debug|Any CPU.ActiveCfg = Debug|Any CPU
		{06A421DB-4681-4097-9C3C-8648E6979A47}.Debug|Any CPU.Build.0 = Debug|Any CPU
		{06A421DB-4681-4097-9C3C-8648E6979A47}.Release|Any CPU.ActiveCfg = Release|Any CPU
		{06A421DB-4681-4097-9C3C-8648E6979A47}.Release|Any CPU.Build.0 = Release|Any CPU
	EndGlobalSection
	GlobalSection(SolutionProperties) = preSolution
		HideSolutionNode = FALSE
	EndGlobalSection
	GlobalSection(ExtensibilityGlobals) = postSolution
		SolutionGuid = {6EF0E8A6-360F-4C49-9B71-A7FE96ED0EEC}
	EndGlobalSection
EndGlobal
